
Microsoft Visual Studio Solution File, Format Version 12.00
# Visual Studio Version 17
VisualStudioVersion = 17.0.31903.59
MinimumVisualStudioVersion = 10.0.40219.1
Project("{FAE04EC0-301F-11D3-BF4B-00C04F79EFBC}") = "BlazorApp1", "BlazorApp1\BlazorApp1.csproj", "{0ACE5AA5-6B1D-46FD-8B30-473B08DB184A}"
EndProject
Project("{FAE04EC0-301F-11D3-BF4B-00C04F79EFBC}") = "MyNewApp", "MyNewApp\MyNewApp.csproj", "{8B85B8BC-6539-43E5-AD9A-655A4A0E6631}"
EndProject
Global
	GlobalSection(SolutionConfigurationPlatforms) = preSolution
		Debug|Any CPU = Debug|Any CPU
		Debug|x64 = Debug|x64
		Debug|x86 = Debug|x86
		Release|Any CPU = Release|Any CPU
		Release|x64 = Release|x64
		Release|x86 = Release|x86
	EndGlobalSection
	GlobalSection(ProjectConfigurationPlatforms) = postSolution
		{0ACE5AA5-6B1D-46FD-8B30-473B08DB184A}.Debug|Any CPU.ActiveCfg = Debug|Any CPU
		{0ACE5AA5-6B1D-46FD-8B30-473B08DB184A}.Debug|Any CPU.Build.0 = Debug|Any CPU
		{0ACE5AA5-6B1D-46FD-8B30-473B08DB184A}.Debug|x64.ActiveCfg = Debug|Any CPU
		{0ACE5AA5-6B1D-46FD-8B30-473B08DB184A}.Debug|x64.Build.0 = Debug|Any CPU
		{0ACE5AA5-6B1D-46FD-8B30-473B08DB184A}.Debug|x86.ActiveCfg = Debug|Any CPU
		{0ACE5AA5-6B1D-46FD-8B30-473B08DB184A}.Debug|x86.Build.0 = Debug|Any CPU
		{0ACE5AA5-6B1D-46FD-8B30-473B08DB184A}.Release|Any CPU.ActiveCfg = Release|Any CPU
		{0ACE5AA5-6B1D-46FD-8B30-473B08DB184A}.Release|Any CPU.Build.0 = Release|Any CPU
		{0ACE5AA5-6B1D-46FD-8B30-473B08DB184A}.Release|x64.ActiveCfg = Release|Any CPU
		{0ACE5AA5-6B1D-46FD-8B30-473B08DB184A}.Release|x64.Build.0 = Release|Any CPU
		{0ACE5AA5-6B1D-46FD-8B30-473B08DB184A}.Release|x86.ActiveCfg = Release|Any CPU
		{0ACE5AA5-6B1D-46FD-8B30-473B08DB184A}.Release|x86.Build.0 = Release|Any CPU
		{8B85B8BC-6539-43E5-AD9A-655A4A0E6631}.Debug|Any CPU.ActiveCfg = Debug|Any CPU
		{8B85B8BC-6539-43E5-AD9A-655A4A0E6631}.Debug|Any CPU.Build.0 = Debug|Any CPU
		{8B85B8BC-6539-43E5-AD9A-655A4A0E6631}.Debug|x64.ActiveCfg = Debug|Any CPU
		{8B85B8BC-6539-43E5-AD9A-655A4A0E6631}.Debug|x64.Build.0 = Debug|Any CPU
		{8B85B8BC-6539-43E5-AD9A-655A4A0E6631}.Debug|x86.ActiveCfg = Debug|Any CPU
		{8B85B8BC-6539-43E5-AD9A-655A4A0E6631}.Debug|x86.Build.0 = Debug|Any CPU
		{8B85B8BC-6539-43E5-AD9A-655A4A0E6631}.Release|Any CPU.ActiveCfg = Release|Any CPU
		{8B85B8BC-6539-43E5-AD9A-655A4A0E6631}.Release|Any CPU.Build.0 = Release|Any CPU
		{8B85B8BC-6539-43E5-AD9A-655A4A0E6631}.Release|x64.ActiveCfg = Release|Any CPU
		{8B85B8BC-6539-43E5-AD9A-655A4A0E6631}.Release|x64.Build.0 = Release|Any CPU
		{8B85B8BC-6539-43E5-AD9A-655A4A0E6631}.Release|x86.ActiveCfg = Release|Any CPU
		{8B85B8BC-6539-43E5-AD9A-655A4A0E6631}.Release|x86.Build.0 = Release|Any CPU
	EndGlobalSection
	GlobalSection(SolutionProperties) = preSolution
		HideSolutionNode = FALSE
	EndGlobalSection
EndGlobal
